
Microsoft Visual Studio Solution File, Format Version 12.00
# Visual Studio Version 17
VisualStudioVersion = 17.14.36518.9 d17.14
MinimumVisualStudioVersion = 10.0.40219.1
Project("{FAE04EC0-301F-11D3-BF4B-00C04F79EFBC}") = "astratech-apps-backend", "astratech-apps-backend.csproj", "{C6BC89D8-D10C-4F57-9E15-CB699179F7ED}"
EndProject
Global
	GlobalSection(SolutionConfigurationPlatforms) = preSolution
		Debug|Any CPU = Debug|Any CPU
		Release|Any CPU = Release|Any CPU
	EndGlobalSection
	GlobalSection(ProjectConfigurationPlatforms) = postSolution
		{C6BC89D8-D10C-4F57-9E15-CB699179F7ED}.Debug|Any CPU.ActiveCfg = Debug|Any CPU
		{C6BC89D8-D10C-4F57-9E15-CB699179F7ED}.Debug|Any CPU.Build.0 = Debug|Any CPU
		{C6BC89D8-D10C-4F57-9E15-CB699179F7ED}.Release|Any CPU.ActiveCfg = Release|Any CPU
		{C6BC89D8-D10C-4F57-9E15-CB699179F7ED}.Release|Any CPU.Build.0 = Release|Any CPU
	EndGlobalSection
	GlobalSection(SolutionProperties) = preSolution
		HideSolutionNode = FALSE
	EndGlobalSection
	GlobalSection(ExtensibilityGlobals) = postSolution
		SolutionGuid = {0E89960B-1FAA-4128-B538-9A4624906B38}
	EndGlobalSection
EndGlobal
